
Microsoft Visual Studio Solution File, Format Version 12.00
# Visual Studio Version 16
VisualStudioVersion = 16.0.29926.136
MinimumVisualStudioVersion = 10.0.40219.1
Project("{FAE04EC0-301F-11D3-BF4B-00C04F79EFBC}") = "PortSniffer", "PortSniffer\PortSniffer.csproj", "{52CEF063-B62E-4547-9038-FCCEECC93B4C}"
EndProject
Project("{FAE04EC0-301F-11D3-BF4B-00C04F79EFBC}") = "Webbrowser", "Webbrowser\Webbrowser.csproj", "{DE50FD90-7216-441A-B313-63430546D796}"
EndProject
Project("{FAE04EC0-301F-11D3-BF4B-00C04F79EFBC}") = "Webserver", "Webserver\Webserver.csproj", "{8DA0461C-DBED-4026-8019-088B51440DB7}"
EndProject
Project("{9A19103F-16F7-4668-BE54-9A1E7A4F7556}") = "Client", "Client\Client.csproj", "{DE6AA0BF-C277-4DA6-9586-17FD6FCD5CED}"
EndProject
Project("{FAE04EC0-301F-11D3-BF4B-00C04F79EFBC}") = "DataAccess", "DataAccess\DataAccess.csproj", "{42D2BD7D-D52A-4F73-88E6-C92C648789B5}"
EndProject
Global
	GlobalSection(SolutionConfigurationPlatforms) = preSolution
		Debug|Any CPU = Debug|Any CPU
		Release|Any CPU = Release|Any CPU
	EndGlobalSection
	GlobalSection(ProjectConfigurationPlatforms) = postSolution
		{52CEF063-B62E-4547-9038-FCCEECC93B4C}.Debug|Any CPU.ActiveCfg = Debug|Any CPU
		{52CEF063-B62E-4547-9038-FCCEECC93B4C}.Debug|Any CPU.Build.0 = Debug|Any CPU
		{52CEF063-B62E-4547-9038-FCCEECC93B4C}.Release|Any CPU.ActiveCfg = Release|Any CPU
		{52CEF063-B62E-4547-9038-FCCEECC93B4C}.Release|Any CPU.Build.0 = Release|Any CPU
		{DE50FD90-7216-441A-B313-63430546D796}.Debug|Any CPU.ActiveCfg = Debug|Any CPU
		{DE50FD90-7216-441A-B313-63430546D796}.Debug|Any CPU.Build.0 = Debug|Any CPU
		{DE50FD90-7216-441A-B313-63430546D796}.Release|Any CPU.ActiveCfg = Release|Any CPU
		{DE50FD90-7216-441A-B313-63430546D796}.Release|Any CPU.Build.0 = Release|Any CPU
		{8DA0461C-DBED-4026-8019-088B51440DB7}.Debug|Any CPU.ActiveCfg = Debug|Any CPU
		{8DA0461C-DBED-4026-8019-088B51440DB7}.Debug|Any CPU.Build.0 = Debug|Any CPU
		{8DA0461C-DBED-4026-8019-088B51440DB7}.Release|Any CPU.ActiveCfg = Release|Any CPU
		{8DA0461C-DBED-4026-8019-088B51440DB7}.Release|Any CPU.Build.0 = Release|Any CPU
		{DE6AA0BF-C277-4DA6-9586-17FD6FCD5CED}.Debug|Any CPU.ActiveCfg = Debug|Any CPU
		{DE6AA0BF-C277-4DA6-9586-17FD6FCD5CED}.Debug|Any CPU.Build.0 = Debug|Any CPU
		{DE6AA0BF-C277-4DA6-9586-17FD6FCD5CED}.Release|Any CPU.ActiveCfg = Release|Any CPU
		{DE6AA0BF-C277-4DA6-9586-17FD6FCD5CED}.Release|Any CPU.Build.0 = Release|Any CPU
		{42D2BD7D-D52A-4F73-88E6-C92C648789B5}.Debug|Any CPU.ActiveCfg = Debug|Any CPU
		{42D2BD7D-D52A-4F73-88E6-C92C648789B5}.Debug|Any CPU.Build.0 = Debug|Any CPU
		{42D2BD7D-D52A-4F73-88E6-C92C648789B5}.Release|Any CPU.ActiveCfg = Release|Any CPU
		{42D2BD7D-D52A-4F73-88E6-C92C648789B5}.Release|Any CPU.Build.0 = Release|Any CPU
	EndGlobalSection
	GlobalSection(SolutionProperties) = preSolution
		HideSolutionNode = FALSE
	EndGlobalSection
	GlobalSection(ExtensibilityGlobals) = postSolution
		SolutionGuid = {80C88DB1-84C4-4210-AD90-2F751992446E}
	EndGlobalSection
EndGlobal
